// !$*UTF8*$!
{
	archiveVersion = 1;
	classes = {
	};
	objectVersion = 55;
	objects = {

/* Begin PBXBuildFile section */
		94EAFBD228A4FA0E00A9143B /* TimestampMenuBarApp.swift in Sources */ = {isa = PBXBuildFile; fileRef = 94EAFBD128A4FA0E00A9143B /* TimestampMenuBarApp.swift */; };
		94EAFBD428A4FA0E00A9143B /* ContentView.swift in Sources */ = {isa = PBXBuildFile; fileRef = 94EAFBD328A4FA0E00A9143B /* ContentView.swift */; };
		94EAFBD628A4FA1000A9143B /* Assets.xcassets in Resources */ = {isa = PBXBuildFile; fileRef = 94EAFBD528A4FA1000A9143B /* Assets.xcassets */; };
		94EAFBD928A4FA1000A9143B /* Preview Assets.xcassets in Resources */ = {isa = PBXBuildFile; fileRef = 94EAFBD828A4FA1000A9143B /* Preview Assets.xcassets */; };
		94EAFBE428A4FA1000A9143B /* TimestampMenuBarTests.swift in Sources */ = {isa = PBXBuildFile; fileRef = 94EAFBE328A4FA1000A9143B /* TimestampMenuBarTests.swift */; };
		94EAFBEE28A4FA1000A9143B /* TimestampMenuBarUITests.swift in Sources */ = {isa = PBXBuildFile; fileRef = 94EAFBED28A4FA1000A9143B /* TimestampMenuBarUITests.swift */; };
		94EAFBF028A4FA1000A9143B /* TimestampMenuBarUITestsLaunchTests.swift in Sources */ = {isa = PBXBuildFile; fileRef = 94EAFBEF28A4FA1000A9143B /* TimestampMenuBarUITestsLaunchTests.swift */; };
		94EAFBFD28A4FC7500A9143B /* ApplicationMenu.swift in Sources */ = {isa = PBXBuildFile; fileRef = 94EAFBFC28A4FC7500A9143B /* ApplicationMenu.swift */; };
		94EAFC0428A5101C00A9143B /* Timestamp.swift in Sources */ = {isa = PBXBuildFile; fileRef = 94EAFC0328A5101C00A9143B /* Timestamp.swift */; };
		94EAFC0828A52AD900A9143B /* UpdaterViewModel.swift in Sources */ = {isa = PBXBuildFile; fileRef = 94EAFC0728A52AD900A9143B /* UpdaterViewModel.swift */; };
/* End PBXBuildFile section */

/* Begin PBXContainerItemProxy section */
		94EAFBE028A4FA1000A9143B /* PBXContainerItemProxy */ = {
			isa = PBXContainerItemProxy;
			containerPortal = 94EAFBC628A4FA0E00A9143B /* Project object */;
			proxyType = 1;
			remoteGlobalIDString = 94EAFBCD28A4FA0E00A9143B;
			remoteInfo = TimestampMenuBar;
		};
		94EAFBEA28A4FA1000A9143B /* PBXContainerItemProxy */ = {
			isa = PBXContainerItemProxy;
			containerPortal = 94EAFBC628A4FA0E00A9143B /* Project object */;
			proxyType = 1;
			remoteGlobalIDString = 94EAFBCD28A4FA0E00A9143B;
			remoteInfo = TimestampMenuBar;
		};
/* End PBXContainerItemProxy section */

/* Begin PBXFileReference section */
		94EAFBCE28A4FA0E00A9143B /* TimestampMenuBar.app */ = {isa = PBXFileReference; explicitFileType = wrapper.application; includeInIndex = 0; path = TimestampMenuBar.app; sourceTree = BUILT_PRODUCTS_DIR; };
		94EAFBD128A4FA0E00A9143B /* TimestampMenuBarApp.swift */ = {isa = PBXFileReference; lastKnownFileType = sourcecode.swift; path = TimestampMenuBarApp.swift; sourceTree = "<group>"; };
		94EAFBD328A4FA0E00A9143B /* ContentView.swift */ = {isa = PBXFileReference; lastKnownFileType = sourcecode.swift; path = ContentView.swift; sourceTree = "<group>"; };
		94EAFBD528A4FA1000A9143B /* Assets.xcassets */ = {isa = PBXFileReference; lastKnownFileType = folder.assetcatalog; path = Assets.xcassets; sourceTree = "<group>"; };
		94EAFBD828A4FA1000A9143B /* Preview Assets.xcassets */ = {isa = PBXFileReference; lastKnownFileType = folder.assetcatalog; path = "Preview Assets.xcassets"; sourceTree = "<group>"; };
		94EAFBDA28A4FA1000A9143B /* TimestampMenuBar.entitlements */ = {isa = PBXFileReference; lastKnownFileType = text.plist.entitlements; path = TimestampMenuBar.entitlements; sourceTree = "<group>"; };
		94EAFBDF28A4FA1000A9143B /* TimestampMenuBarTests.xctest */ = {isa = PBXFileReference; explicitFileType = wrapper.cfbundle; includeInIndex = 0; path = TimestampMenuBarTests.xctest; sourceTree = BUILT_PRODUCTS_DIR; };
		94EAFBE328A4FA1000A9143B /* TimestampMenuBarTests.swift */ = {isa = PBXFileReference; lastKnownFileType = sourcecode.swift; path = TimestampMenuBarTests.swift; sourceTree = "<group>"; };
		94EAFBE928A4FA1000A9143B /* TimestampMenuBarUITests.xctest */ = {isa = PBXFileReference; explicitFileType = wrapper.cfbundle; includeInIndex = 0; path = TimestampMenuBarUITests.xctest; sourceTree = BUILT_PRODUCTS_DIR; };
		94EAFBED28A4FA1000A9143B /* TimestampMenuBarUITests.swift */ = {isa = PBXFileReference; lastKnownFileType = sourcecode.swift; path = TimestampMenuBarUITests.swift; sourceTree = "<group>"; };
		94EAFBEF28A4FA1000A9143B /* TimestampMenuBarUITestsLaunchTests.swift */ = {isa = PBXFileReference; lastKnownFileType = sourcecode.swift; path = TimestampMenuBarUITestsLaunchTests.swift; sourceTree = "<group>"; };
		94EAFBFC28A4FC7500A9143B /* ApplicationMenu.swift */ = {isa = PBXFileReference; lastKnownFileType = sourcecode.swift; path = ApplicationMenu.swift; sourceTree = "<group>"; };
		94EAFBFE28A5019100A9143B /* Info.plist */ = {isa = PBXFileReference; lastKnownFileType = text.plist; path = Info.plist; sourceTree = "<group>"; };
		94EAFC0328A5101C00A9143B /* Timestamp.swift */ = {isa = PBXFileReference; lastKnownFileType = sourcecode.swift; path = Timestamp.swift; sourceTree = "<group>"; };
		94EAFC0728A52AD900A9143B /* UpdaterViewModel.swift */ = {isa = PBXFileReference; lastKnownFileType = sourcecode.swift; path = UpdaterViewModel.swift; sourceTree = "<group>"; };
/* End PBXFileReference section */

/* Begin PBXFrameworksBuildPhase section */
		94EAFBCB28A4FA0E00A9143B /* Frameworks */ = {
			isa = PBXFrameworksBuildPhase;
			buildActionMask = 2147483647;
			files = (
			);
			runOnlyForDeploymentPostprocessing = 0;
		};
		94EAFBDC28A4FA1000A9143B /* Frameworks */ = {
			isa = PBXFrameworksBuildPhase;
			buildActionMask = 2147483647;
			files = (
			);
			runOnlyForDeploymentPostprocessing = 0;
		};
		94EAFBE628A4FA1000A9143B /* Frameworks */ = {
			isa = PBXFrameworksBuildPhase;
			buildActionMask = 2147483647;
			files = (
			);
			runOnlyForDeploymentPostprocessing = 0;
		};
/* End PBXFrameworksBuildPhase section */

/* Begin PBXGroup section */
		94EAFBC528A4FA0E00A9143B = {
			isa = PBXGroup;
			children = (
				94EAFBD028A4FA0E00A9143B /* TimestampMenuBar */,
				94EAFBE228A4FA1000A9143B /* TimestampMenuBarTests */,
				94EAFBEC28A4FA1000A9143B /* TimestampMenuBarUITests */,
				94EAFBCF28A4FA0E00A9143B /* Products */,
			);
			sourceTree = "<group>";
		};
		94EAFBCF28A4FA0E00A9143B /* Products */ = {
			isa = PBXGroup;
			children = (
				94EAFBCE28A4FA0E00A9143B /* TimestampMenuBar.app */,
				94EAFBDF28A4FA1000A9143B /* TimestampMenuBarTests.xctest */,
				94EAFBE928A4FA1000A9143B /* TimestampMenuBarUITests.xctest */,
			);
			name = Products;
			sourceTree = "<group>";
		};
		94EAFBD028A4FA0E00A9143B /* TimestampMenuBar */ = {
			isa = PBXGroup;
			children = (
				94EAFBFE28A5019100A9143B /* Info.plist */,
				94EAFBD128A4FA0E00A9143B /* TimestampMenuBarApp.swift */,
				94EAFBD328A4FA0E00A9143B /* ContentView.swift */,
				94EAFBD528A4FA1000A9143B /* Assets.xcassets */,
				94EAFBDA28A4FA1000A9143B /* TimestampMenuBar.entitlements */,
				94EAFBD728A4FA1000A9143B /* Preview Content */,
				94EAFBFC28A4FC7500A9143B /* ApplicationMenu.swift */,
				94EAFC0328A5101C00A9143B /* Timestamp.swift */,
				94EAFC0728A52AD900A9143B /* UpdaterViewModel.swift */,
			);
			path = TimestampMenuBar;
			sourceTree = "<group>";
		};
		94EAFBD728A4FA1000A9143B /* Preview Content */ = {
			isa = PBXGroup;
			children = (
				94EAFBD828A4FA1000A9143B /* Preview Assets.xcassets */,
			);
			path = "Preview Content";
			sourceTree = "<group>";
		};
		94EAFBE228A4FA1000A9143B /* TimestampMenuBarTests */ = {
			isa = PBXGroup;
			children = (
				94EAFBE328A4FA1000A9143B /* TimestampMenuBarTests.swift */,
			);
			path = TimestampMenuBarTests;
			sourceTree = "<group>";
		};
		94EAFBEC28A4FA1000A9143B /* TimestampMenuBarUITests */ = {
			isa = PBXGroup;
			children = (
				94EAFBED28A4FA1000A9143B /* TimestampMenuBarUITests.swift */,
				94EAFBEF28A4FA1000A9143B /* TimestampMenuBarUITestsLaunchTests.swift */,
			);
			path = TimestampMenuBarUITests;
			sourceTree = "<group>";
		};
/* End PBXGroup section */

/* Begin PBXNativeTarget section */
		94EAFBCD28A4FA0E00A9143B /* TimestampMenuBar */ = {
			isa = PBXNativeTarget;
			buildConfigurationList = 94EAFBF328A4FA1000A9143B /* Build configuration list for PBXNativeTarget "TimestampMenuBar" */;
			buildPhases = (
				94EAFBCA28A4FA0E00A9143B /* Sources */,
				94EAFBCB28A4FA0E00A9143B /* Frameworks */,
				94EAFBCC28A4FA0E00A9143B /* Resources */,
			);
			buildRules = (
			);
			dependencies = (
			);
			name = TimestampMenuBar;
			productName = TimestampMenuBar;
			productReference = 94EAFBCE28A4FA0E00A9143B /* TimestampMenuBar.app */;
			productType = "com.apple.product-type.application";
		};
		94EAFBDE28A4FA1000A9143B /* TimestampMenuBarTests */ = {
			isa = PBXNativeTarget;
			buildConfigurationList = 94EAFBF628A4FA1000A9143B /* Build configuration list for PBXNativeTarget "TimestampMenuBarTests" */;
			buildPhases = (
				94EAFBDB28A4FA1000A9143B /* Sources */,
				94EAFBDC28A4FA1000A9143B /* Frameworks */,
				94EAFBDD28A4FA1000A9143B /* Resources */,
			);
			buildRules = (
			);
			dependencies = (
				94EAFBE128A4FA1000A9143B /* PBXTargetDependency */,
			);
			name = TimestampMenuBarTests;
			productName = TimestampMenuBarTests;
			productReference = 94EAFBDF28A4FA1000A9143B /* TimestampMenuBarTests.xctest */;
			productType = "com.apple.product-type.bundle.unit-test";
		};
		94EAFBE828A4FA1000A9143B /* TimestampMenuBarUITests */ = {
			isa = PBXNativeTarget;
			buildConfigurationList = 94EAFBF928A4FA1000A9143B /* Build configuration list for PBXNativeTarget "TimestampMenuBarUITests" */;
			buildPhases = (
				94EAFBE528A4FA1000A9143B /* Sources */,
				94EAFBE628A4FA1000A9143B /* Frameworks */,
				94EAFBE728A4FA1000A9143B /* Resources */,
			);
			buildRules = (
			);
			dependencies = (
				94EAFBEB28A4FA1000A9143B /* PBXTargetDependency */,
			);
			name = TimestampMenuBarUITests;
			productName = TimestampMenuBarUITests;
			productReference = 94EAFBE928A4FA1000A9143B /* TimestampMenuBarUITests.xctest */;
			productType = "com.apple.product-type.bundle.ui-testing";
		};
/* End PBXNativeTarget section */

/* Begin PBXProject section */
		94EAFBC628A4FA0E00A9143B /* Project object */ = {
			isa = PBXProject;
			attributes = {
				BuildIndependentTargetsInParallel = 1;
				LastSwiftUpdateCheck = 1340;
				LastUpgradeCheck = 1340;
				TargetAttributes = {
					94EAFBCD28A4FA0E00A9143B = {
						CreatedOnToolsVersion = 13.4.1;
					};
					94EAFBDE28A4FA1000A9143B = {
						CreatedOnToolsVersion = 13.4.1;
						TestTargetID = 94EAFBCD28A4FA0E00A9143B;
					};
					94EAFBE828A4FA1000A9143B = {
						CreatedOnToolsVersion = 13.4.1;
						TestTargetID = 94EAFBCD28A4FA0E00A9143B;
					};
				};
			};
			buildConfigurationList = 94EAFBC928A4FA0E00A9143B /* Build configuration list for PBXProject "TimestampMenuBar" */;
			compatibilityVersion = "Xcode 13.0";
			developmentRegion = en;
			hasScannedForEncodings = 0;
			knownRegions = (
				en,
				Base,
			);
			mainGroup = 94EAFBC528A4FA0E00A9143B;
			productRefGroup = 94EAFBCF28A4FA0E00A9143B /* Products */;
			projectDirPath = "";
			projectRoot = "";
			targets = (
				94EAFBCD28A4FA0E00A9143B /* TimestampMenuBar */,
				94EAFBDE28A4FA1000A9143B /* TimestampMenuBarTests */,
				94EAFBE828A4FA1000A9143B /* TimestampMenuBarUITests */,
			);
		};
/* End PBXProject section */

/* Begin PBXResourcesBuildPhase section */
		94EAFBCC28A4FA0E00A9143B /* Resources */ = {
			isa = PBXResourcesBuildPhase;
			buildActionMask = 2147483647;
			files = (
				94EAFBD928A4FA1000A9143B /* Preview Assets.xcassets in Resources */,
				94EAFBD628A4FA1000A9143B /* Assets.xcassets in Resources */,
			);
			runOnlyForDeploymentPostprocessing = 0;
		};
		94EAFBDD28A4FA1000A9143B /* Resources */ = {
			isa = PBXResourcesBuildPhase;
			buildActionMask = 2147483647;
			files = (
			);
			runOnlyForDeploymentPostprocessing = 0;
		};
		94EAFBE728A4FA1000A9143B /* Resources */ = {
			isa = PBXResourcesBuildPhase;
			buildActionMask = 2147483647;
			files = (
			);
			runOnlyForDeploymentPostprocessing = 0;
		};
/* End PBXResourcesBuildPhase section */

/* Begin PBXSourcesBuildPhase section */
		94EAFBCA28A4FA0E00A9143B /* Sources */ = {
			isa = PBXSourcesBuildPhase;
			buildActionMask = 2147483647;
			files = (
				94EAFBD428A4FA0E00A9143B /* ContentView.swift in Sources */,
				94EAFBFD28A4FC7500A9143B /* ApplicationMenu.swift in Sources */,
				94EAFC0828A52AD900A9143B /* UpdaterViewModel.swift in Sources */,
				94EAFC0428A5101C00A9143B /* Timestamp.swift in Sources */,
				94EAFBD228A4FA0E00A9143B /* TimestampMenuBarApp.swift in Sources */,
			);
			runOnlyForDeploymentPostprocessing = 0;
		};
		94EAFBDB28A4FA1000A9143B /* Sources */ = {
			isa = PBXSourcesBuildPhase;
			buildActionMask = 2147483647;
			files = (
				94EAFBE428A4FA1000A9143B /* TimestampMenuBarTests.swift in Sources */,
			);
			runOnlyForDeploymentPostprocessing = 0;
		};
		94EAFBE528A4FA1000A9143B /* Sources */ = {
			isa = PBXSourcesBuildPhase;
			buildActionMask = 2147483647;
			files = (
				94EAFBF028A4FA1000A9143B /* TimestampMenuBarUITestsLaunchTests.swift in Sources */,
				94EAFBEE28A4FA1000A9143B /* TimestampMenuBarUITests.swift in Sources */,
			);
			runOnlyForDeploymentPostprocessing = 0;
		};
/* End PBXSourcesBuildPhase section */

/* Begin PBXTargetDependency section */
		94EAFBE128A4FA1000A9143B /* PBXTargetDependency */ = {
			isa = PBXTargetDependency;
			target = 94EAFBCD28A4FA0E00A9143B /* TimestampMenuBar */;
			targetProxy = 94EAFBE028A4FA1000A9143B /* PBXContainerItemProxy */;
		};
		94EAFBEB28A4FA1000A9143B /* PBXTargetDependency */ = {
			isa = PBXTargetDependency;
			target = 94EAFBCD28A4FA0E00A9143B /* TimestampMenuBar */;
			targetProxy = 94EAFBEA28A4FA1000A9143B /* PBXContainerItemProxy */;
		};
/* End PBXTargetDependency section */

/* Begin XCBuildConfiguration section */
		94EAFBF128A4FA1000A9143B /* Debug */ = {
			isa = XCBuildConfiguration;
			buildSettings = {
				ALWAYS_SEARCH_USER_PATHS = NO;
				CLANG_ANALYZER_NONNULL = YES;
				CLANG_ANALYZER_NUMBER_OBJECT_CONVERSION = YES_AGGRESSIVE;
				CLANG_CXX_LANGUAGE_STANDARD = "gnu++17";
				CLANG_ENABLE_MODULES = YES;
				CLANG_ENABLE_OBJC_ARC = YES;
				CLANG_ENABLE_OBJC_WEAK = YES;
				CLANG_WARN_BLOCK_CAPTURE_AUTORELEASING = YES;
				CLANG_WARN_BOOL_CONVERSION = YES;
				CLANG_WARN_COMMA = YES;
				CLANG_WARN_CONSTANT_CONVERSION = YES;
				CLANG_WARN_DEPRECATED_OBJC_IMPLEMENTATIONS = YES;
				CLANG_WARN_DIRECT_OBJC_ISA_USAGE = YES_ERROR;
				CLANG_WARN_DOCUMENTATION_COMMENTS = YES;
				CLANG_WARN_EMPTY_BODY = YES;
				CLANG_WARN_ENUM_CONVERSION = YES;
				CLANG_WARN_INFINITE_RECURSION = YES;
				CLANG_WARN_INT_CONVERSION = YES;
				CLANG_WARN_NON_LITERAL_NULL_CONVERSION = YES;
				CLANG_WARN_OBJC_IMPLICIT_RETAIN_SELF = YES;
				CLANG_WARN_OBJC_LITERAL_CONVERSION = YES;
				CLANG_WARN_OBJC_ROOT_CLASS = YES_ERROR;
				CLANG_WARN_QUOTED_INCLUDE_IN_FRAMEWORK_HEADER = YES;
				CLANG_WARN_RANGE_LOOP_ANALYSIS = YES;
				CLANG_WARN_STRICT_PROTOTYPES = YES;
				CLANG_WARN_SUSPICIOUS_MOVE = YES;
				CLANG_WARN_UNGUARDED_AVAILABILITY = YES_AGGRESSIVE;
				CLANG_WARN_UNREACHABLE_CODE = YES;
				CLANG_WARN__DUPLICATE_METHOD_MATCH = YES;
				COPY_PHASE_STRIP = NO;
				DEBUG_INFORMATION_FORMAT = dwarf;
				ENABLE_STRICT_OBJC_MSGSEND = YES;
				ENABLE_TESTABILITY = YES;
				GCC_C_LANGUAGE_STANDARD = gnu11;
				GCC_DYNAMIC_NO_PIC = NO;
				GCC_NO_COMMON_BLOCKS = YES;
				GCC_OPTIMIZATION_LEVEL = 0;
				GCC_PREPROCESSOR_DEFINITIONS = (
					"DEBUG=1",
					"$(inherited)",
				);
				GCC_WARN_64_TO_32_BIT_CONVERSION = YES;
				GCC_WARN_ABOUT_RETURN_TYPE = YES_ERROR;
				GCC_WARN_UNDECLARED_SELECTOR = YES;
				GCC_WARN_UNINITIALIZED_AUTOS = YES_AGGRESSIVE;
				GCC_WARN_UNUSED_FUNCTION = YES;
				GCC_WARN_UNUSED_VARIABLE = YES;
				MACOSX_DEPLOYMENT_TARGET = 12.3;
				MTL_ENABLE_DEBUG_INFO = INCLUDE_SOURCE;
				MTL_FAST_MATH = YES;
				ONLY_ACTIVE_ARCH = YES;
				SDKROOT = macosx;
				SWIFT_ACTIVE_COMPILATION_CONDITIONS = DEBUG;
				SWIFT_OPTIMIZATION_LEVEL = "-Onone";
			};
			name = Debug;
		};
		94EAFBF228A4FA1000A9143B /* Release */ = {
			isa = XCBuildConfiguration;
			buildSettings = {
				ALWAYS_SEARCH_USER_PATHS = NO;
				CLANG_ANALYZER_NONNULL = YES;
				CLANG_ANALYZER_NUMBER_OBJECT_CONVERSION = YES_AGGRESSIVE;
				CLANG_CXX_LANGUAGE_STANDARD = "gnu++17";
				CLANG_ENABLE_MODULES = YES;
				CLANG_ENABLE_OBJC_ARC = YES;
				CLANG_ENABLE_OBJC_WEAK = YES;
				CLANG_WARN_BLOCK_CAPTURE_AUTORELEASING = YES;
				CLANG_WARN_BOOL_CONVERSION = YES;
				CLANG_WARN_COMMA = YES;
				CLANG_WARN_CONSTANT_CONVERSION = YES;
				CLANG_WARN_DEPRECATED_OBJC_IMPLEMENTATIONS = YES;
				CLANG_WARN_DIRECT_OBJC_ISA_USAGE = YES_ERROR;
				CLANG_WARN_DOCUMENTATION_COMMENTS = YES;
				CLANG_WARN_EMPTY_BODY = YES;
				CLANG_WARN_ENUM_CONVERSION = YES;
				CLANG_WARN_INFINITE_RECURSION = YES;
				CLANG_WARN_INT_CONVERSION = YES;
				CLANG_WARN_NON_LITERAL_NULL_CONVERSION = YES;
				CLANG_WARN_OBJC_IMPLICIT_RETAIN_SELF = YES;
				CLANG_WARN_OBJC_LITERAL_CONVERSION = YES;
				CLANG_WARN_OBJC_ROOT_CLASS = YES_ERROR;
				CLANG_WARN_QUOTED_INCLUDE_IN_FRAMEWORK_HEADER = YES;
				CLANG_WARN_RANGE_LOOP_ANALYSIS = YES;
				CLANG_WARN_STRICT_PROTOTYPES = YES;
				CLANG_WARN_SUSPICIOUS_MOVE = YES;
				CLANG_WARN_UNGUARDED_AVAILABILITY = YES_AGGRESSIVE;
				CLANG_WARN_UNREACHABLE_CODE = YES;
				CLANG_WARN__DUPLICATE_METHOD_MATCH = YES;
				COPY_PHASE_STRIP = NO;
				DEBUG_INFORMATION_FORMAT = "dwarf-with-dsym";
				ENABLE_NS_ASSERTIONS = NO;
				ENABLE_STRICT_OBJC_MSGSEND = YES;
				GCC_C_LANGUAGE_STANDARD = gnu11;
				GCC_NO_COMMON_BLOCKS = YES;
				GCC_WARN_64_TO_32_BIT_CONVERSION = YES;
				GCC_WARN_ABOUT_RETURN_TYPE = YES_ERROR;
				GCC_WARN_UNDECLARED_SELECTOR = YES;
				GCC_WARN_UNINITIALIZED_AUTOS = YES_AGGRESSIVE;
				GCC_WARN_UNUSED_FUNCTION = YES;
				GCC_WARN_UNUSED_VARIABLE = YES;
				MACOSX_DEPLOYMENT_TARGET = 12.3;
				MTL_ENABLE_DEBUG_INFO = NO;
				MTL_FAST_MATH = YES;
				SDKROOT = macosx;
				SWIFT_COMPILATION_MODE = wholemodule;
				SWIFT_OPTIMIZATION_LEVEL = "-O";
			};
			name = Release;
		};
		94EAFBF428A4FA1000A9143B /* Debug */ = {
			isa = XCBuildConfiguration;
			buildSettings = {
				ASSETCATALOG_COMPILER_APPICON_NAME = AppIcon;
				ASSETCATALOG_COMPILER_GLOBAL_ACCENT_COLOR_NAME = AccentColor;
				CODE_SIGN_ENTITLEMENTS = TimestampMenuBar/TimestampMenuBar.entitlements;
				CODE_SIGN_STYLE = Automatic;
				COMBINE_HIDPI_IMAGES = YES;
				CURRENT_PROJECT_VERSION = 1;
				DEVELOPMENT_ASSET_PATHS = "\"TimestampMenuBar/Preview Content\"";
				DEVELOPMENT_TEAM = ULX8D4H694;
				ENABLE_HARDENED_RUNTIME = YES;
				ENABLE_PREVIEWS = YES;
				GENERATE_INFOPLIST_FILE = YES;
				INFOPLIST_FILE = TimestampMenuBar/Info.plist;
				INFOPLIST_KEY_NSHumanReadableCopyright = "";
				LD_RUNPATH_SEARCH_PATHS = (
					"$(inherited)",
					"@executable_path/../Frameworks",
				);
				MARKETING_VERSION = 1.0;
				PRODUCT_BUNDLE_IDENTIFIER = Jianan.TimestampMenuBar;
				PRODUCT_NAME = "$(TARGET_NAME)";
				SWIFT_EMIT_LOC_STRINGS = YES;
				SWIFT_VERSION = 5.0;
			};
			name = Debug;
		};
		94EAFBF528A4FA1000A9143B /* Release */ = {
			isa = XCBuildConfiguration;
			buildSettings = {
				ASSETCATALOG_COMPILER_APPICON_NAME = AppIcon;
				ASSETCATALOG_COMPILER_GLOBAL_ACCENT_COLOR_NAME = AccentColor;
				CODE_SIGN_ENTITLEMENTS = TimestampMenuBar/TimestampMenuBar.entitlements;
				CODE_SIGN_STYLE = Automatic;
				COMBINE_HIDPI_IMAGES = YES;
				CURRENT_PROJECT_VERSION = 1;
				DEVELOPMENT_ASSET_PATHS = "\"TimestampMenuBar/Preview Content\"";
				DEVELOPMENT_TEAM = ULX8D4H694;
				ENABLE_HARDENED_RUNTIME = YES;
				ENABLE_PREVIEWS = YES;
				GENERATE_INFOPLIST_FILE = YES;
				INFOPLIST_FILE = TimestampMenuBar/Info.plist;
				INFOPLIST_KEY_NSHumanReadableCopyright = "";
				LD_RUNPATH_SEARCH_PATHS = (
					"$(inherited)",
					"@executable_path/../Frameworks",
				);
				MARKETING_VERSION = 1.0;
				PRODUCT_BUNDLE_IDENTIFIER = Jianan.TimestampMenuBar;
				PRODUCT_NAME = "$(TARGET_NAME)";
				SWIFT_EMIT_LOC_STRINGS = YES;
				SWIFT_VERSION = 5.0;
			};
			name = Release;
		};
		94EAFBF728A4FA1000A9143B /* Debug */ = {
			isa = XCBuildConfiguration;
			buildSettings = {
				ALWAYS_EMBED_SWIFT_STANDARD_LIBRARIES = YES;
				BUNDLE_LOADER = "$(TEST_HOST)";
				CODE_SIGN_STYLE = Automatic;
				CURRENT_PROJECT_VERSION = 1;
				DEVELOPMENT_TEAM = ULX8D4H694;
				GENERATE_INFOPLIST_FILE = YES;
				MACOSX_DEPLOYMENT_TARGET = 12.3;
				MARKETING_VERSION = 1.0;
				PRODUCT_BUNDLE_IDENTIFIER = Jianan.TimestampMenuBarTests;
				PRODUCT_NAME = "$(TARGET_NAME)";
				SWIFT_EMIT_LOC_STRINGS = NO;
				SWIFT_VERSION = 5.0;
				TEST_HOST = "$(BUILT_PRODUCTS_DIR)/TimestampMenuBar.app/Contents/MacOS/TimestampMenuBar";
			};
			name = Debug;
		};
		94EAFBF828A4FA1000A9143B /* Release */ = {
			isa = XCBuildConfiguration;
			buildSettings = {
				ALWAYS_EMBED_SWIFT_STANDARD_LIBRARIES = YES;
				BUNDLE_LOADER = "$(TEST_HOST)";
				CODE_SIGN_STYLE = Automatic;
				CURRENT_PROJECT_VERSION = 1;
				DEVELOPMENT_TEAM = ULX8D4H694;
				GENERATE_INFOPLIST_FILE = YES;
				MACOSX_DEPLOYMENT_TARGET = 12.3;
				MARKETING_VERSION = 1.0;
				PRODUCT_BUNDLE_IDENTIFIER = Jianan.TimestampMenuBarTests;
				PRODUCT_NAME = "$(TARGET_NAME)";
				SWIFT_EMIT_LOC_STRINGS = NO;
				SWIFT_VERSION = 5.0;
				TEST_HOST = "$(BUILT_PRODUCTS_DIR)/TimestampMenuBar.app/Contents/MacOS/TimestampMenuBar";
			};
			name = Release;
		};
		94EAFBFA28A4FA1000A9143B /* Debug */ = {
			isa = XCBuildConfiguration;
			buildSettings = {
				ALWAYS_EMBED_SWIFT_STANDARD_LIBRARIES = YES;
				CODE_SIGN_STYLE = Automatic;
				CURRENT_PROJECT_VERSION = 1;
				DEVELOPMENT_TEAM = ULX8D4H694;
				GENERATE_INFOPLIST_FILE = YES;
				MARKETING_VERSION = 1.0;
				PRODUCT_BUNDLE_IDENTIFIER = Jianan.TimestampMenuBarUITests;
				PRODUCT_NAME = "$(TARGET_NAME)";
				SWIFT_EMIT_LOC_STRINGS = NO;
				SWIFT_VERSION = 5.0;
				TEST_TARGET_NAME = TimestampMenuBar;
			};
			name = Debug;
		};
		94EAFBFB28A4FA1000A9143B /* Release */ = {
			isa = XCBuildConfiguration;
			buildSettings = {
				ALWAYS_EMBED_SWIFT_STANDARD_LIBRARIES = YES;
				CODE_SIGN_STYLE = Automatic;
				CURRENT_PROJECT_VERSION = 1;
				DEVELOPMENT_TEAM = ULX8D4H694;
				GENERATE_INFOPLIST_FILE = YES;
				MARKETING_VERSION = 1.0;
				PRODUCT_BUNDLE_IDENTIFIER = Jianan.TimestampMenuBarUITests;
				PRODUCT_NAME = "$(TARGET_NAME)";
				SWIFT_EMIT_LOC_STRINGS = NO;
				SWIFT_VERSION = 5.0;
				TEST_TARGET_NAME = TimestampMenuBar;
			};
			name = Release;
		};
/* End XCBuildConfiguration section */

/* Begin XCConfigurationList section */
		94EAFBC928A4FA0E00A9143B /* Build configuration list for PBXProject "TimestampMenuBar" */ = {
			isa = XCConfigurationList;
			buildConfigurations = (
				94EAFBF128A4FA1000A9143B /* Debug */,
				94EAFBF228A4FA1000A9143B /* Release */,
			);
			defaultConfigurationIsVisible = 0;
			defaultConfigurationName = Release;
		};
		94EAFBF328A4FA1000A9143B /* Build configuration list for PBXNativeTarget "TimestampMenuBar" */ = {
			isa = XCConfigurationList;
			buildConfigurations = (
				94EAFBF428A4FA1000A9143B /* Debug */,
				94EAFBF528A4FA1000A9143B /* Release */,
			);
			defaultConfigurationIsVisible = 0;
			defaultConfigurationName = Release;
		};
		94EAFBF628A4FA1000A9143B /* Build configuration list for PBXNativeTarget "TimestampMenuBarTests" */ = {
			isa = XCConfigurationList;
			buildConfigurations = (
				94EAFBF728A4FA1000A9143B /* Debug */,
				94EAFBF828A4FA1000A9143B /* Release */,
			);
			defaultConfigurationIsVisible = 0;
			defaultConfigurationName = Release;
		};
		94EAFBF928A4FA1000A9143B /* Build configuration list for PBXNativeTarget "TimestampMenuBarUITests" */ = {
			isa = XCConfigurationList;
			buildConfigurations = (
				94EAFBFA28A4FA1000A9143B /* Debug */,
				94EAFBFB28A4FA1000A9143B /* Release */,
			);
			defaultConfigurationIsVisible = 0;
			defaultConfigurationName = Release;
		};
/* End XCConfigurationList section */
	};
	rootObject = 94EAFBC628A4FA0E00A9143B /* Project object */;
}
